
Microsoft Visual Studio Solution File, Format Version 12.00
# Visual Studio Version 17
VisualStudioVersion = 17.5.33516.290
MinimumVisualStudioVersion = 10.0.40219.1
Project("{FAE04EC0-301F-11D3-BF4B-00C04F79EFBC}") = "wp11_MovieFinder", "wp11_MovieFinder\wp11_MovieFinder.csproj", "{6A76F16B-4E55-4DD3-9BF3-86ED79E9A2F7}"
EndProject
Global
	GlobalSection(SolutionConfigurationPlatforms) = preSolution
		Debug|Any CPU = Debug|Any CPU
		Release|Any CPU = Release|Any CPU
	EndGlobalSection
	GlobalSection(ProjectConfigurationPlatforms) = postSolution
		{6A76F16B-4E55-4DD3-9BF3-86ED79E9A2F7}.Debug|Any CPU.ActiveCfg = Debug|Any CPU
		{6A76F16B-4E55-4DD3-9BF3-86ED79E9A2F7}.Debug|Any CPU.Build.0 = Debug|Any CPU
		{6A76F16B-4E55-4DD3-9BF3-86ED79E9A2F7}.Release|Any CPU.ActiveCfg = Release|Any CPU
		{6A76F16B-4E55-4DD3-9BF3-86ED79E9A2F7}.Release|Any CPU.Build.0 = Release|Any CPU
	EndGlobalSection
	GlobalSection(SolutionProperties) = preSolution
		HideSolutionNode = FALSE
	EndGlobalSection
	GlobalSection(ExtensibilityGlobals) = postSolution
		SolutionGuid = {CBC69077-37E0-427D-ACAB-F109F116A8E3}
	EndGlobalSection
EndGlobal
